
Microsoft Visual Studio Solution File, Format Version 12.00
# Visual Studio 14
VisualStudioVersion = 14.0.25420.1
MinimumVisualStudioVersion = 10.0.40219.1
Project("{FAE04EC0-301F-11D3-BF4B-00C04F79EFBC}") = "MPED.StacjaIT.XAIOT.WorkshopApp.Droid", "MPED.StacjaIT.XAIOT.WorkshopApp\MPED.StacjaIT.XAIOT.WorkshopApp.Droid\MPED.StacjaIT.XAIOT.WorkshopApp.Droid.csproj", "{78C1949C-B43A-4E6C-9348-7CAB7116ABB2}"
EndProject
Project("{FAE04EC0-301F-11D3-BF4B-00C04F79EFBC}") = "MPED.StacjaIT.XAIOT.WorkshopApp.WinPhone", "MPED.StacjaIT.XAIOT.WorkshopApp\MPED.StacjaIT.XAIOT.WorkshopApp.WinPhone\MPED.StacjaIT.XAIOT.WorkshopApp.WinPhone.csproj", "{5D75CACC-40D7-4150-9429-5E274FE664CE}"
EndProject
Project("{FAE04EC0-301F-11D3-BF4B-00C04F79EFBC}") = "MPED.StacjaIT.XAIOT.WorkshopAppLib", "MPED.StacjaIT.XAIOT.WorkshopAppLib\MPED.StacjaIT.XAIOT.WorkshopAppLib.csproj", "{72B45350-FB0B-447F-898A-A4DA89D5C329}"
EndProject
Global
	GlobalSection(SolutionConfigurationPlatforms) = preSolution
		Debug|Any CPU = Debug|Any CPU
		Debug|ARM = Debug|ARM
		Debug|iPhone = Debug|iPhone
		Debug|iPhoneSimulator = Debug|iPhoneSimulator
		Debug|x64 = Debug|x64
		Debug|x86 = Debug|x86
		Release|Any CPU = Release|Any CPU
		Release|ARM = Release|ARM
		Release|iPhone = Release|iPhone
		Release|iPhoneSimulator = Release|iPhoneSimulator
		Release|x64 = Release|x64
		Release|x86 = Release|x86
	EndGlobalSection
	GlobalSection(ProjectConfigurationPlatforms) = postSolution
		{78C1949C-B43A-4E6C-9348-7CAB7116ABB2}.Debug|Any CPU.ActiveCfg = Debug|Any CPU
		{78C1949C-B43A-4E6C-9348-7CAB7116ABB2}.Debug|Any CPU.Build.0 = Debug|Any CPU
		{78C1949C-B43A-4E6C-9348-7CAB7116ABB2}.Debug|Any CPU.Deploy.0 = Debug|Any CPU
		{78C1949C-B43A-4E6C-9348-7CAB7116ABB2}.Debug|ARM.ActiveCfg = Debug|Any CPU
		{78C1949C-B43A-4E6C-9348-7CAB7116ABB2}.Debug|ARM.Build.0 = Debug|Any CPU
		{78C1949C-B43A-4E6C-9348-7CAB7116ABB2}.Debug|ARM.Deploy.0 = Debug|Any CPU
		{78C1949C-B43A-4E6C-9348-7CAB7116ABB2}.Debug|iPhone.ActiveCfg = Debug|Any CPU
		{78C1949C-B43A-4E6C-9348-7CAB7116ABB2}.Debug|iPhone.Build.0 = Debug|Any CPU
		{78C1949C-B43A-4E6C-9348-7CAB7116ABB2}.Debug|iPhone.Deploy.0 = Debug|Any CPU
		{78C1949C-B43A-4E6C-9348-7CAB7116ABB2}.Debug|iPhoneSimulator.ActiveCfg = Debug|Any CPU
		{78C1949C-B43A-4E6C-9348-7CAB7116ABB2}.Debug|iPhoneSimulator.Build.0 = Debug|Any CPU
		{78C1949C-B43A-4E6C-9348-7CAB7116ABB2}.Debug|iPhoneSimulator.Deploy.0 = Debug|Any CPU
		{78C1949C-B43A-4E6C-9348-7CAB7116ABB2}.Debug|x64.ActiveCfg = Debug|Any CPU
		{78C1949C-B43A-4E6C-9348-7CAB7116ABB2}.Debug|x64.Build.0 = Debug|Any CPU
		{78C1949C-B43A-4E6C-9348-7CAB7116ABB2}.Debug|x64.Deploy.0 = Debug|Any CPU
		{78C1949C-B43A-4E6C-9348-7CAB7116ABB2}.Debug|x86.ActiveCfg = Debug|Any CPU
		{78C1949C-B43A-4E6C-9348-7CAB7116ABB2}.Debug|x86.Build.0 = Debug|Any CPU
		{78C1949C-B43A-4E6C-9348-7CAB7116ABB2}.Debug|x86.Deploy.0 = Debug|Any CPU
		{78C1949C-B43A-4E6C-9348-7CAB7116ABB2}.Release|Any CPU.ActiveCfg = Release|Any CPU
		{78C1949C-B43A-4E6C-9348-7CAB7116ABB2}.Release|Any CPU.Build.0 = Release|Any CPU
		{78C1949C-B43A-4E6C-9348-7CAB7116ABB2}.Release|Any CPU.Deploy.0 = Release|Any CPU
		{78C1949C-B43A-4E6C-9348-7CAB7116ABB2}.Release|ARM.ActiveCfg = Release|Any CPU
		{78C1949C-B43A-4E6C-9348-7CAB7116ABB2}.Release|ARM.Build.0 = Release|Any CPU
		{78C1949C-B43A-4E6C-9348-7CAB7116ABB2}.Release|ARM.Deploy.0 = Release|Any CPU
		{78C1949C-B43A-4E6C-9348-7CAB7116ABB2}.Release|iPhone.ActiveCfg = Release|Any CPU
		{78C1949C-B43A-4E6C-9348-7CAB7116ABB2}.Release|iPhone.Build.0 = Release|Any CPU
		{78C1949C-B43A-4E6C-9348-7CAB7116ABB2}.Release|iPhone.Deploy.0 = Release|Any CPU
		{78C1949C-B43A-4E6C-9348-7CAB7116ABB2}.Release|iPhoneSimulator.ActiveCfg = Release|Any CPU
		{78C1949C-B43A-4E6C-9348-7CAB7116ABB2}.Release|iPhoneSimulator.Build.0 = Release|Any CPU
		{78C1949C-B43A-4E6C-9348-7CAB7116ABB2}.Release|iPhoneSimulator.Deploy.0 = Release|Any CPU
		{78C1949C-B43A-4E6C-9348-7CAB7116ABB2}.Release|x64.ActiveCfg = Release|Any CPU
		{78C1949C-B43A-4E6C-9348-7CAB7116ABB2}.Release|x64.Build.0 = Release|Any CPU
		{78C1949C-B43A-4E6C-9348-7CAB7116ABB2}.Release|x64.Deploy.0 = Release|Any CPU
		{78C1949C-B43A-4E6C-9348-7CAB7116ABB2}.Release|x86.ActiveCfg = Release|Any CPU
		{78C1949C-B43A-4E6C-9348-7CAB7116ABB2}.Release|x86.Build.0 = Release|Any CPU
		{78C1949C-B43A-4E6C-9348-7CAB7116ABB2}.Release|x86.Deploy.0 = Release|Any CPU
		{5D75CACC-40D7-4150-9429-5E274FE664CE}.Debug|Any CPU.ActiveCfg = Debug|Any CPU
		{5D75CACC-40D7-4150-9429-5E274FE664CE}.Debug|Any CPU.Build.0 = Debug|Any CPU
		{5D75CACC-40D7-4150-9429-5E274FE664CE}.Debug|Any CPU.Deploy.0 = Debug|Any CPU
		{5D75CACC-40D7-4150-9429-5E274FE664CE}.Debug|ARM.ActiveCfg = Debug|ARM
		{5D75CACC-40D7-4150-9429-5E274FE664CE}.Debug|ARM.Build.0 = Debug|ARM
		{5D75CACC-40D7-4150-9429-5E274FE664CE}.Debug|ARM.Deploy.0 = Debug|ARM
		{5D75CACC-40D7-4150-9429-5E274FE664CE}.Debug|iPhone.ActiveCfg = Debug|Any CPU
		{5D75CACC-40D7-4150-9429-5E274FE664CE}.Debug|iPhone.Build.0 = Debug|Any CPU
		{5D75CACC-40D7-4150-9429-5E274FE664CE}.Debug|iPhone.Deploy.0 = Debug|Any CPU
		{5D75CACC-40D7-4150-9429-5E274FE664CE}.Debug|iPhoneSimulator.ActiveCfg = Debug|Any CPU
		{5D75CACC-40D7-4150-9429-5E274FE664CE}.Debug|iPhoneSimulator.Build.0 = Debug|Any CPU
		{5D75CACC-40D7-4150-9429-5E274FE664CE}.Debug|iPhoneSimulator.Deploy.0 = Debug|Any CPU
		{5D75CACC-40D7-4150-9429-5E274FE664CE}.Debug|x64.ActiveCfg = Debug|Any CPU
		{5D75CACC-40D7-4150-9429-5E274FE664CE}.Debug|x64.Build.0 = Debug|Any CPU
		{5D75CACC-40D7-4150-9429-5E274FE664CE}.Debug|x64.Deploy.0 = Debug|Any CPU
		{5D75CACC-40D7-4150-9429-5E274FE664CE}.Debug|x86.ActiveCfg = Debug|x86
		{5D75CACC-40D7-4150-9429-5E274FE664CE}.Debug|x86.Build.0 = Debug|x86
		{5D75CACC-40D7-4150-9429-5E274FE664CE}.Debug|x86.Deploy.0 = Debug|x86
		{5D75CACC-40D7-4150-9429-5E274FE664CE}.Release|Any CPU.ActiveCfg = Release|Any CPU
		{5D75CACC-40D7-4150-9429-5E274FE664CE}.Release|Any CPU.Build.0 = Release|Any CPU
		{5D75CACC-40D7-4150-9429-5E274FE664CE}.Release|Any CPU.Deploy.0 = Release|Any CPU
		{5D75CACC-40D7-4150-9429-5E274FE664CE}.Release|ARM.ActiveCfg = Release|ARM
		{5D75CACC-40D7-4150-9429-5E274FE664CE}.Release|ARM.Build.0 = Release|ARM
		{5D75CACC-40D7-4150-9429-5E274FE664CE}.Release|ARM.Deploy.0 = Release|ARM
		{5D75CACC-40D7-4150-9429-5E274FE664CE}.Release|iPhone.ActiveCfg = Release|Any CPU
		{5D75CACC-40D7-4150-9429-5E274FE664CE}.Release|iPhone.Build.0 = Release|Any CPU
		{5D75CACC-40D7-4150-9429-5E274FE664CE}.Release|iPhone.Deploy.0 = Release|Any CPU
		{5D75CACC-40D7-4150-9429-5E274FE664CE}.Release|iPhoneSimulator.ActiveCfg = Release|Any CPU
		{5D75CACC-40D7-4150-9429-5E274FE664CE}.Release|iPhoneSimulator.Build.0 = Release|Any CPU
		{5D75CACC-40D7-4150-9429-5E274FE664CE}.Release|iPhoneSimulator.Deploy.0 = Release|Any CPU
		{5D75CACC-40D7-4150-9429-5E274FE664CE}.Release|x64.ActiveCfg = Release|Any CPU
		{5D75CACC-40D7-4150-9429-5E274FE664CE}.Release|x64.Build.0 = Release|Any CPU
		{5D75CACC-40D7-4150-9429-5E274FE664CE}.Release|x64.Deploy.0 = Release|Any CPU
		{5D75CACC-40D7-4150-9429-5E274FE664CE}.Release|x86.ActiveCfg = Release|x86
		{5D75CACC-40D7-4150-9429-5E274FE664CE}.Release|x86.Build.0 = Release|x86
		{5D75CACC-40D7-4150-9429-5E274FE664CE}.Release|x86.Deploy.0 = Release|x86
		{72B45350-FB0B-447F-898A-A4DA89D5C329}.Debug|Any CPU.ActiveCfg = Debug|Any CPU
		{72B45350-FB0B-447F-898A-A4DA89D5C329}.Debug|Any CPU.Build.0 = Debug|Any CPU
		{72B45350-FB0B-447F-898A-A4DA89D5C329}.Debug|ARM.ActiveCfg = Debug|Any CPU
		{72B45350-FB0B-447F-898A-A4DA89D5C329}.Debug|ARM.Build.0 = Debug|Any CPU
		{72B45350-FB0B-447F-898A-A4DA89D5C329}.Debug|iPhone.ActiveCfg = Debug|Any CPU
		{72B45350-FB0B-447F-898A-A4DA89D5C329}.Debug|iPhone.Build.0 = Debug|Any CPU
		{72B45350-FB0B-447F-898A-A4DA89D5C329}.Debug|iPhoneSimulator.ActiveCfg = Debug|Any CPU
		{72B45350-FB0B-447F-898A-A4DA89D5C329}.Debug|iPhoneSimulator.Build.0 = Debug|Any CPU
		{72B45350-FB0B-447F-898A-A4DA89D5C329}.Debug|x64.ActiveCfg = Debug|Any CPU
		{72B45350-FB0B-447F-898A-A4DA89D5C329}.Debug|x64.Build.0 = Debug|Any CPU
		{72B45350-FB0B-447F-898A-A4DA89D5C329}.Debug|x86.ActiveCfg = Debug|Any CPU
		{72B45350-FB0B-447F-898A-A4DA89D5C329}.Debug|x86.Build.0 = Debug|Any CPU
		{72B45350-FB0B-447F-898A-A4DA89D5C329}.Release|Any CPU.ActiveCfg = Release|Any CPU
		{72B45350-FB0B-447F-898A-A4DA89D5C329}.Release|Any CPU.Build.0 = Release|Any CPU
		{72B45350-FB0B-447F-898A-A4DA89D5C329}.Release|ARM.ActiveCfg = Release|Any CPU
		{72B45350-FB0B-447F-898A-A4DA89D5C329}.Release|ARM.Build.0 = Release|Any CPU
		{72B45350-FB0B-447F-898A-A4DA89D5C329}.Release|iPhone.ActiveCfg = Release|Any CPU
		{72B45350-FB0B-447F-898A-A4DA89D5C329}.Release|iPhone.Build.0 = Release|Any CPU
		{72B45350-FB0B-447F-898A-A4DA89D5C329}.Release|iPhoneSimulator.ActiveCfg = Release|Any CPU
		{72B45350-FB0B-447F-898A-A4DA89D5C329}.Release|iPhoneSimulator.Build.0 = Release|Any CPU
		{72B45350-FB0B-447F-898A-A4DA89D5C329}.Release|x64.ActiveCfg = Release|Any CPU
		{72B45350-FB0B-447F-898A-A4DA89D5C329}.Release|x64.Build.0 = Release|Any CPU
		{72B45350-FB0B-447F-898A-A4DA89D5C329}.Release|x86.ActiveCfg = Release|Any CPU
		{72B45350-FB0B-447F-898A-A4DA89D5C329}.Release|x86.Build.0 = Release|Any CPU
	EndGlobalSection
	GlobalSection(SolutionProperties) = preSolution
		HideSolutionNode = FALSE
	EndGlobalSection
EndGlobal
